Microsoft Visual Studio Solution File, Format Version 11.00
# Visual Studio 2008

Project("{382D4D3E-D6B8-5040-F2BA-0B2568348B08}") = "Essential4 - itvdn - IK", "Assembly-CSharp.csproj", "{DB58F290-0E15-F3D1-247E-EF423F5A47A4}"
EndProject
Global
	GlobalSection(SolutionConfigurationPlatforms) = preSolution
		Debug|Any CPU = Debug|Any CPU
		Release|Any CPU = Release|Any CPU
	EndGlobalSection
	GlobalSection(ProjectConfigurationPlatforms) = postSolution
		{DB58F290-0E15-F3D1-247E-EF423F5A47A4}.Debug|Any CPU.ActiveCfg = Debug|Any CPU
		{DB58F290-0E15-F3D1-247E-EF423F5A47A4}.Debug|Any CPU.Build.0 = Debug|Any CPU
		{DB58F290-0E15-F3D1-247E-EF423F5A47A4}.Release|Any CPU.ActiveCfg = Release|Any CPU
		{DB58F290-0E15-F3D1-247E-EF423F5A47A4}.Release|Any CPU.Build.0 = Release|Any CPU
	EndGlobalSection
	GlobalSection(SolutionProperties) = preSolution
		HideSolutionNode = FALSE
	EndGlobalSection
	GlobalSection(MonoDevelopProperties) = preSolution
		StartupItem = Assembly-CSharp.csproj
	EndGlobalSection
EndGlobal
